{
  "name": "tidytree",
  "version": "0.2.11",
  "lockfileVersion": 1,
  "requires": true,
  "dependencies": {
    "@types/node": {
      "version": "11.13.0",
      "resolved": "https://registry.npmjs.org/@types/node/-/node-11.13.0.tgz",
      "integrity": "sha512-rx29MMkRdVmzunmiA4lzBYJNnXsW/PhG4kMBy2ATsYaDjGGR75dCFEVVROKpNwlVdcUX3xxlghKQOeDPBJobng==",
      "dev": true
    },
    "@types/resolve": {
      "version": "0.0.8",
      "resolved": "https://registry.npmjs.org/@types/resolve/-/resolve-0.0.8.tgz",
      "integrity": "sha512-auApPaJf3NPfe18hSoJkp8EbZzer2ISk7o8mCC3M9he/a04+gbMF97NkpD2S8riMGvm4BMRI59/SZQSaLTKpsQ==",
      "dev": true,
      "requires": {
        "@types/node": "*"
      }
    },
    "builtin-modules": {
      "version": "3.0.0",
      "resolved": "https://registry.npmjs.org/builtin-modules/-/builtin-modules-3.0.0.tgz",
      "integrity": "sha512-hMIeU4K2ilbXV6Uv93ZZ0Avg/M91RaKXucQ+4me2Do1txxBDyDZWCBa5bJSLqoNTRpXTLwEzIk1KmloenDDjhg==",
      "dev": true
    },
    "is-module": {
      "version": "1.0.0",
      "resolved": "https://registry.npmjs.org/is-module/-/is-module-1.0.0.tgz",
      "integrity": "sha1-Mlj7afeMFNW4FdZkM2tM/7ZEFZE=",
      "dev": true
    },
    "path-parse": {
      "version": "1.0.6",
      "resolved": "https://registry.npmjs.org/path-parse/-/path-parse-1.0.6.tgz",
      "integrity": "sha512-GSmOT2EbHrINBf9SR7CDELwlJ8AENk3Qn7OikK4nFYAu3Ote2+JYNVvkpAEQm3/TLNEJFD/xZJjzyxg3KBWOzw==",
      "dev": true
    },
    "patristic": {
      "version": "0.3.6",
      "resolved": "https://registry.npmjs.org/patristic/-/patristic-0.3.6.tgz",
      "integrity": "sha512-Ik/elwgFP/MNRJprrxnqJXI9bcJBTdXF/U63tg6du9slqNJdunLSRSxnSaW67oIq+14FfTreWcxlOYfE00h+3g=="
    },
    "resolve": {
      "version": "1.10.0",
      "resolved": "https://registry.npmjs.org/resolve/-/resolve-1.10.0.tgz",
      "integrity": "sha512-3sUr9aq5OfSg2S9pNtPA9hL1FVEAjvfOC4leW0SNf/mpnaakz2a9femSd6LqAww2RaFctwyf1lCqnTHuF1rxDg==",
      "dev": true,
      "requires": {
        "path-parse": "^1.0.6"
      }
    },
    "rollup-plugin-node-resolve": {
      "version": "4.1.0",
      "resolved": "https://registry.npmjs.org/rollup-plugin-node-resolve/-/rollup-plugin-node-resolve-4.1.0.tgz",
      "integrity": "sha512-N7eBrK0gpdAVQTk5SmsO2h39LlLQMNXalu6Mo6RGWx/hZtq0+gwssT+W2IdF9im2rDNGjUF7HLnxMd9uLiI5+Q==",
      "dev": true,
      "requires": {
        "@types/resolve": "0.0.8",
        "builtin-modules": "^3.0.0",
        "is-module": "^1.0.0",
        "resolve": "^1.10.0"
      }
    }
  }
}
